// !$*UTF8*$!
{
	archiveVersion = 1;
	classes = {
	};
	objectVersion = 56;
	objects = {

/* Begin PBXBuildFile section */
		BA41B54A2C2AB33000E6FDC3 /* PostImagePicker.swift in Sources */ = {isa = PBXBuildFile; fileRef = BA41B5492C2AB33000E6FDC3 /* PostImagePicker.swift */; };
		BA41B54C2C2AB36100E6FDC3 /* User.swift in Sources */ = {isa = PBXBuildFile; fileRef = BA41B54B2C2AB36100E6FDC3 /* User.swift */; };
		BA41B54E2C2AB37E00E6FDC3 /* CustomAnnotationView.swift in Sources */ = {isa = PBXBuildFile; fileRef = BA41B54D2C2AB37E00E6FDC3 /* CustomAnnotationView.swift */; };
		BA41B5502C2AB44900E6FDC3 /* FriendRequestsView.swift in Sources */ = {isa = PBXBuildFile; fileRef = BA41B54F2C2AB44900E6FDC3 /* FriendRequestsView.swift */; };
		BA41B5562C2B2DF200E6FDC3 /* AddFriendsView.swift in Sources */ = {isa = PBXBuildFile; fileRef = BA41B5552C2B2DF200E6FDC3 /* AddFriendsView.swift */; };
		BA41B5582C2B338D00E6FDC3 /* GoogleService-Info.plist in Resources */ = {isa = PBXBuildFile; fileRef = BA41B5572C2B338D00E6FDC3 /* GoogleService-Info.plist */; };
		BA41B55B2C2B346F00E6FDC3 /* FirebaseAuth in Frameworks */ = {isa = PBXBuildFile; productRef = BA41B55A2C2B346F00E6FDC3 /* FirebaseAuth */; };
		BA41B55D2C2B346F00E6FDC3 /* FirebaseAuthCombine-Community in Frameworks */ = {isa = PBXBuildFile; productRef = BA41B55C2C2B346F00E6FDC3 /* FirebaseAuthCombine-Community */; };
		BA41B55F2C2B346F00E6FDC3 /* FirebaseDatabase in Frameworks */ = {isa = PBXBuildFile; productRef = BA41B55E2C2B346F00E6FDC3 /* FirebaseDatabase */; };
		BA41B5612C2B346F00E6FDC3 /* FirebaseDatabaseSwift in Frameworks */ = {isa = PBXBuildFile; productRef = BA41B5602C2B346F00E6FDC3 /* FirebaseDatabaseSwift */; };
		BA41B5632C2B346F00E6FDC3 /* FirebaseDynamicLinks in Frameworks */ = {isa = PBXBuildFile; productRef = BA41B5622C2B346F00E6FDC3 /* FirebaseDynamicLinks */; };
		BA41B5662C2B357C00E6FDC3 /* FirebaseFirestoreSwift in Frameworks */ = {isa = PBXBuildFile; productRef = BA41B5652C2B357C00E6FDC3 /* FirebaseFirestoreSwift */; };
		BA41B5682C2B358200E6FDC3 /* FirebaseFirestore in Frameworks */ = {isa = PBXBuildFile; productRef = BA41B5672C2B358200E6FDC3 /* FirebaseFirestore */; };
		BA41B56A2C2B368400E6FDC3 /* FirebaseStorage in Frameworks */ = {isa = PBXBuildFile; productRef = BA41B5692C2B368400E6FDC3 /* FirebaseStorage */; };
		BA41B56C2C2B36DC00E6FDC3 /* AuthViewModel.swift in Sources */ = {isa = PBXBuildFile; fileRef = BA41B56B2C2B36DC00E6FDC3 /* AuthViewModel.swift */; };
		BA41B56E2C2B39EE00E6FDC3 /* FirebaseFirestoreCombine-Community in Frameworks */ = {isa = PBXBuildFile; productRef = BA41B56D2C2B39EE00E6FDC3 /* FirebaseFirestoreCombine-Community */; };
		BAC56DBF2C2A68A80028D59F /* FindMyFoodApp.swift in Sources */ = {isa = PBXBuildFile; fileRef = BAC56DBE2C2A68A80028D59F /* FindMyFoodApp.swift */; };
		BAC56DC12C2A68A80028D59F /* LoginView.swift in Sources */ = {isa = PBXBuildFile; fileRef = BAC56DC02C2A68A80028D59F /* LoginView.swift */; };
		BAC56DC32C2A68AB0028D59F /* Assets.xcassets in Resources */ = {isa = PBXBuildFile; fileRef = BAC56DC22C2A68AB0028D59F /* Assets.xcassets */; };
		BAC56DC62C2A68AB0028D59F /* Preview Assets.xcassets in Resources */ = {isa = PBXBuildFile; fileRef = BAC56DC52C2A68AB0028D59F /* Preview Assets.xcassets */; };
		BAC56DD02C2A68AB0028D59F /* FindMyFoodTests.swift in Sources */ = {isa = PBXBuildFile; fileRef = BAC56DCF2C2A68AB0028D59F /* FindMyFoodTests.swift */; };
		BAC56DDA2C2A68AB0028D59F /* FindMyFoodUITests.swift in Sources */ = {isa = PBXBuildFile; fileRef = BAC56DD92C2A68AB0028D59F /* FindMyFoodUITests.swift */; };
		BAC56DDC2C2A68AB0028D59F /* FindMyFoodUITestsLaunchTests.swift in Sources */ = {isa = PBXBuildFile; fileRef = BAC56DDB2C2A68AB0028D59F /* FindMyFoodUITestsLaunchTests.swift */; };
		BAC56DE92C2A6CDE0028D59F /* MapView.swift in Sources */ = {isa = PBXBuildFile; fileRef = BAC56DE82C2A6CDE0028D59F /* MapView.swift */; };
		BAC56DEB2C2A6E4F0028D59F /* MainView.swift in Sources */ = {isa = PBXBuildFile; fileRef = BAC56DEA2C2A6E4F0028D59F /* MainView.swift */; };
		BAC56DED2C2A71FB0028D59F /* LocationManager.swift in Sources */ = {isa = PBXBuildFile; fileRef = BAC56DEC2C2A71FB0028D59F /* LocationManager.swift */; };
		BAC56DEF2C2A7A520028D59F /* CreateAccountView.swift in Sources */ = {isa = PBXBuildFile; fileRef = BAC56DEE2C2A7A520028D59F /* CreateAccountView.swift */; };
		BAC56DF12C2A7B490028D59F /* CreatePostView.swift in Sources */ = {isa = PBXBuildFile; fileRef = BAC56DF02C2A7B490028D59F /* CreatePostView.swift */; };
		BAC56DF32C2A7F300028D59F /* ProfileView.swift in Sources */ = {isa = PBXBuildFile; fileRef = BAC56DF22C2A7F300028D59F /* ProfileView.swift */; };
		BAC56DF52C2A7F8C0028D59F /* ImagePicker.swift in Sources */ = {isa = PBXBuildFile; fileRef = BAC56DF42C2A7F8C0028D59F /* ImagePicker.swift */; };
		BAC56DF72C2A80B10028D59F /* ProfileManager.swift in Sources */ = {isa = PBXBuildFile; fileRef = BAC56DF62C2A80B10028D59F /* ProfileManager.swift */; };
		BAC56DF92C2A89130028D59F /* FriendListView.swift in Sources */ = {isa = PBXBuildFile; fileRef = BAC56DF82C2A89130028D59F /* FriendListView.swift */; };
/* End PBXBuildFile section */

/* Begin PBXContainerItemProxy section */
		BAC56DCC2C2A68AB0028D59F /* PBXContainerItemProxy */ = {
			isa = PBXContainerItemProxy;
			containerPortal = BAC56DB32C2A68A80028D59F /* Project object */;
			proxyType = 1;
			remoteGlobalIDString = BAC56DBA2C2A68A80028D59F;
			remoteInfo = FindMyFood;
		};
		BAC56DD62C2A68AB0028D59F /* PBXContainerItemProxy */ = {
			isa = PBXContainerItemProxy;
			containerPortal = BAC56DB32C2A68A80028D59F /* Project object */;
			proxyType = 1;
			remoteGlobalIDString = BAC56DBA2C2A68A80028D59F;
			remoteInfo = FindMyFood;
		};
/* End PBXContainerItemProxy section */

/* Begin PBXFileReference section */
		BA41B5492C2AB33000E6FDC3 /* PostImagePicker.swift */ = {isa = PBXFileReference; lastKnownFileType = sourcecode.swift; path = PostImagePicker.swift; sourceTree = "<group>"; };
		BA41B54B2C2AB36100E6FDC3 /* User.swift */ = {isa = PBXFileReference; lastKnownFileType = sourcecode.swift; path = User.swift; sourceTree = "<group>"; };
		BA41B54D2C2AB37E00E6FDC3 /* CustomAnnotationView.swift */ = {isa = PBXFileReference; lastKnownFileType = sourcecode.swift; path = CustomAnnotationView.swift; sourceTree = "<group>"; };
		BA41B54F2C2AB44900E6FDC3 /* FriendRequestsView.swift */ = {isa = PBXFileReference; lastKnownFileType = sourcecode.swift; path = FriendRequestsView.swift; sourceTree = "<group>"; };
		BA41B5552C2B2DF200E6FDC3 /* AddFriendsView.swift */ = {isa = PBXFileReference; lastKnownFileType = sourcecode.swift; path = AddFriendsView.swift; sourceTree = "<group>"; };
		BA41B5572C2B338D00E6FDC3 /* GoogleService-Info.plist */ = {isa = PBXFileReference; fileEncoding = 4; lastKnownFileType = text.plist.xml; path = "GoogleService-Info.plist"; sourceTree = "<group>"; };
		BA41B56B2C2B36DC00E6FDC3 /* AuthViewModel.swift */ = {isa = PBXFileReference; lastKnownFileType = sourcecode.swift; path = AuthViewModel.swift; sourceTree = "<group>"; };
		BAC56DBB2C2A68A80028D59F /* FindMyFood.app */ = {isa = PBXFileReference; explicitFileType = wrapper.application; includeInIndex = 0; path = FindMyFood.app; sourceTree = BUILT_PRODUCTS_DIR; };
		BAC56DBE2C2A68A80028D59F /* FindMyFoodApp.swift */ = {isa = PBXFileReference; lastKnownFileType = sourcecode.swift; path = FindMyFoodApp.swift; sourceTree = "<group>"; };
		BAC56DC02C2A68A80028D59F /* LoginView.swift */ = {isa = PBXFileReference; lastKnownFileType = sourcecode.swift; path = LoginView.swift; sourceTree = "<group>"; };
		BAC56DC22C2A68AB0028D59F /* Assets.xcassets */ = {isa = PBXFileReference; lastKnownFileType = folder.assetcatalog; path = Assets.xcassets; sourceTree = "<group>"; };
		BAC56DC52C2A68AB0028D59F /* Preview Assets.xcassets */ = {isa = PBXFileReference; lastKnownFileType = folder.assetcatalog; path = "Preview Assets.xcassets"; sourceTree = "<group>"; };
		BAC56DCB2C2A68AB0028D59F /* FindMyFoodTests.xctest */ = {isa = PBXFileReference; explicitFileType = wrapper.cfbundle; includeInIndex = 0; path = FindMyFoodTests.xctest; sourceTree = BUILT_PRODUCTS_DIR; };
		BAC56DCF2C2A68AB0028D59F /* FindMyFoodTests.swift */ = {isa = PBXFileReference; lastKnownFileType = sourcecode.swift; path = FindMyFoodTests.swift; sourceTree = "<group>"; };
		BAC56DD52C2A68AB0028D59F /* FindMyFoodUITests.xctest */ = {isa = PBXFileReference; explicitFileType = wrapper.cfbundle; includeInIndex = 0; path = FindMyFoodUITests.xctest; sourceTree = BUILT_PRODUCTS_DIR; };
		BAC56DD92C2A68AB0028D59F /* FindMyFoodUITests.swift */ = {isa = PBXFileReference; lastKnownFileType = sourcecode.swift; path = FindMyFoodUITests.swift; sourceTree = "<group>"; };
		BAC56DDB2C2A68AB0028D59F /* FindMyFoodUITestsLaunchTests.swift */ = {isa = PBXFileReference; lastKnownFileType = sourcecode.swift; path = FindMyFoodUITestsLaunchTests.swift; sourceTree = "<group>"; };
		BAC56DE82C2A6CDE0028D59F /* MapView.swift */ = {isa = PBXFileReference; lastKnownFileType = sourcecode.swift; path = MapView.swift; sourceTree = "<group>"; };
		BAC56DEA2C2A6E4F0028D59F /* MainView.swift */ = {isa = PBXFileReference; lastKnownFileType = sourcecode.swift; path = MainView.swift; sourceTree = "<group>"; };
		BAC56DEC2C2A71FB0028D59F /* LocationManager.swift */ = {isa = PBXFileReference; lastKnownFileType = sourcecode.swift; path = LocationManager.swift; sourceTree = "<group>"; };
		BAC56DEE2C2A7A520028D59F /* CreateAccountView.swift */ = {isa = PBXFileReference; lastKnownFileType = sourcecode.swift; path = CreateAccountView.swift; sourceTree = "<group>"; };
		BAC56DF02C2A7B490028D59F /* CreatePostView.swift */ = {isa = PBXFileReference; lastKnownFileType = sourcecode.swift; path = CreatePostView.swift; sourceTree = "<group>"; };
		BAC56DF22C2A7F300028D59F /* ProfileView.swift */ = {isa = PBXFileReference; lastKnownFileType = sourcecode.swift; path = ProfileView.swift; sourceTree = "<group>"; };
		BAC56DF42C2A7F8C0028D59F /* ImagePicker.swift */ = {isa = PBXFileReference; lastKnownFileType = sourcecode.swift; path = ImagePicker.swift; sourceTree = "<group>"; };
		BAC56DF62C2A80B10028D59F /* ProfileManager.swift */ = {isa = PBXFileReference; lastKnownFileType = sourcecode.swift; path = ProfileManager.swift; sourceTree = "<group>"; };
		BAC56DF82C2A89130028D59F /* FriendListView.swift */ = {isa = PBXFileReference; lastKnownFileType = sourcecode.swift; path = FriendListView.swift; sourceTree = "<group>"; };
/* End PBXFileReference section */

/* Begin PBXFrameworksBuildPhase section */
		BAC56DB82C2A68A80028D59F /* Frameworks */ = {
			isa = PBXFrameworksBuildPhase;
			buildActionMask = 2147483647;
			files = (
				BA41B5612C2B346F00E6FDC3 /* FirebaseDatabaseSwift in Frameworks */,
				BA41B55F2C2B346F00E6FDC3 /* FirebaseDatabase in Frameworks */,
				BA41B55B2C2B346F00E6FDC3 /* FirebaseAuth in Frameworks */,
				BA41B56E2C2B39EE00E6FDC3 /* FirebaseFirestoreCombine-Community in Frameworks */,
				BA41B55D2C2B346F00E6FDC3 /* FirebaseAuthCombine-Community in Frameworks */,
				BA41B5632C2B346F00E6FDC3 /* FirebaseDynamicLinks in Frameworks */,
				BA41B56A2C2B368400E6FDC3 /* FirebaseStorage in Frameworks */,
				BA41B5662C2B357C00E6FDC3 /* FirebaseFirestoreSwift in Frameworks */,
				BA41B5682C2B358200E6FDC3 /* FirebaseFirestore in Frameworks */,
			);
			runOnlyForDeploymentPostprocessing = 0;
		};
		BAC56DC82C2A68AB0028D59F /* Frameworks */ = {
			isa = PBXFrameworksBuildPhase;
			buildActionMask = 2147483647;
			files = (
			);
			runOnlyForDeploymentPostprocessing = 0;
		};
		BAC56DD22C2A68AB0028D59F /* Frameworks */ = {
			isa = PBXFrameworksBuildPhase;
			buildActionMask = 2147483647;
			files = (
			);
			runOnlyForDeploymentPostprocessing = 0;
		};
/* End PBXFrameworksBuildPhase section */

/* Begin PBXGroup section */
		BA41B5642C2B357C00E6FDC3 /* Frameworks */ = {
			isa = PBXGroup;
			children = (
			);
			name = Frameworks;
			sourceTree = "<group>";
		};
		BAC56DB22C2A68A80028D59F = {
			isa = PBXGroup;
			children = (
				BAC56DBD2C2A68A80028D59F /* FindMyFood */,
				BAC56DCE2C2A68AB0028D59F /* FindMyFoodTests */,
				BAC56DD82C2A68AB0028D59F /* FindMyFoodUITests */,
				BAC56DBC2C2A68A80028D59F /* Products */,
				BA41B5642C2B357C00E6FDC3 /* Frameworks */,
			);
			sourceTree = "<group>";
		};
		BAC56DBC2C2A68A80028D59F /* Products */ = {
			isa = PBXGroup;
			children = (
				BAC56DBB2C2A68A80028D59F /* FindMyFood.app */,
				BAC56DCB2C2A68AB0028D59F /* FindMyFoodTests.xctest */,
				BAC56DD52C2A68AB0028D59F /* FindMyFoodUITests.xctest */,
			);
			name = Products;
			sourceTree = "<group>";
		};
		BAC56DBD2C2A68A80028D59F /* FindMyFood */ = {
			isa = PBXGroup;
			children = (
				BA41B5572C2B338D00E6FDC3 /* GoogleService-Info.plist */,
				BAC56DBE2C2A68A80028D59F /* FindMyFoodApp.swift */,
				BA41B54D2C2AB37E00E6FDC3 /* CustomAnnotationView.swift */,
				BA41B5492C2AB33000E6FDC3 /* PostImagePicker.swift */,
				BA41B54B2C2AB36100E6FDC3 /* User.swift */,
				BAC56DE82C2A6CDE0028D59F /* MapView.swift */,
				BAC56DC02C2A68A80028D59F /* LoginView.swift */,
				BAC56DEE2C2A7A520028D59F /* CreateAccountView.swift */,
				BAC56DF82C2A89130028D59F /* FriendListView.swift */,
				BAC56DC22C2A68AB0028D59F /* Assets.xcassets */,
				BAC56DEA2C2A6E4F0028D59F /* MainView.swift */,
				BAC56DF22C2A7F300028D59F /* ProfileView.swift */,
				BAC56DF62C2A80B10028D59F /* ProfileManager.swift */,
				BAC56DF42C2A7F8C0028D59F /* ImagePicker.swift */,
				BA41B56B2C2B36DC00E6FDC3 /* AuthViewModel.swift */,
				BAC56DF02C2A7B490028D59F /* CreatePostView.swift */,
				BAC56DEC2C2A71FB0028D59F /* LocationManager.swift */,
				BAC56DC42C2A68AB0028D59F /* Preview Content */,
				BA41B54F2C2AB44900E6FDC3 /* FriendRequestsView.swift */,
				BA41B5552C2B2DF200E6FDC3 /* AddFriendsView.swift */,
			);
			path = FindMyFood;
			sourceTree = "<group>";
		};
		BAC56DC42C2A68AB0028D59F /* Preview Content */ = {
			isa = PBXGroup;
			children = (
				BAC56DC52C2A68AB0028D59F /* Preview Assets.xcassets */,
			);
			path = "Preview Content";
			sourceTree = "<group>";
		};
		BAC56DCE2C2A68AB0028D59F /* FindMyFoodTests */ = {
			isa = PBXGroup;
			children = (
				BAC56DCF2C2A68AB0028D59F /* FindMyFoodTests.swift */,
			);
			path = FindMyFoodTests;
			sourceTree = "<group>";
		};
		BAC56DD82C2A68AB0028D59F /* FindMyFoodUITests */ = {
			isa = PBXGroup;
			children = (
				BAC56DD92C2A68AB0028D59F /* FindMyFoodUITests.swift */,
				BAC56DDB2C2A68AB0028D59F /* FindMyFoodUITestsLaunchTests.swift */,
			);
			path = FindMyFoodUITests;
			sourceTree = "<group>";
		};
/* End PBXGroup section */

/* Begin PBXNativeTarget section */
		BAC56DBA2C2A68A80028D59F /* FindMyFood */ = {
			isa = PBXNativeTarget;
			buildConfigurationList = BAC56DDF2C2A68AB0028D59F /* Build configuration list for PBXNativeTarget "FindMyFood" */;
			buildPhases = (
				BAC56DB72C2A68A80028D59F /* Sources */,
				BAC56DB82C2A68A80028D59F /* Frameworks */,
				BAC56DB92C2A68A80028D59F /* Resources */,
			);
			buildRules = (
			);
			dependencies = (
			);
			name = FindMyFood;
			packageProductDependencies = (
				BA41B55A2C2B346F00E6FDC3 /* FirebaseAuth */,
				BA41B55C2C2B346F00E6FDC3 /* FirebaseAuthCombine-Community */,
				BA41B55E2C2B346F00E6FDC3 /* FirebaseDatabase */,
				BA41B5602C2B346F00E6FDC3 /* FirebaseDatabaseSwift */,
				BA41B5622C2B346F00E6FDC3 /* FirebaseDynamicLinks */,
				BA41B5652C2B357C00E6FDC3 /* FirebaseFirestoreSwift */,
				BA41B5672C2B358200E6FDC3 /* FirebaseFirestore */,
				BA41B5692C2B368400E6FDC3 /* FirebaseStorage */,
				BA41B56D2C2B39EE00E6FDC3 /* FirebaseFirestoreCombine-Community */,
			);
			productName = FindMyFood;
			productReference = BAC56DBB2C2A68A80028D59F /* FindMyFood.app */;
			productType = "com.apple.product-type.application";
		};
		BAC56DCA2C2A68AB0028D59F /* FindMyFoodTests */ = {
			isa = PBXNativeTarget;
			buildConfigurationList = BAC56DE22C2A68AB0028D59F /* Build configuration list for PBXNativeTarget "FindMyFoodTests" */;
			buildPhases = (
				BAC56DC72C2A68AB0028D59F /* Sources */,
				BAC56DC82C2A68AB0028D59F /* Frameworks */,
				BAC56DC92C2A68AB0028D59F /* Resources */,
			);
			buildRules = (
			);
			dependencies = (
				BAC56DCD2C2A68AB0028D59F /* PBXTargetDependency */,
			);
			name = FindMyFoodTests;
			productName = FindMyFoodTests;
			productReference = BAC56DCB2C2A68AB0028D59F /* FindMyFoodTests.xctest */;
			productType = "com.apple.product-type.bundle.unit-test";
		};
		BAC56DD42C2A68AB0028D59F /* FindMyFoodUITests */ = {
			isa = PBXNativeTarget;
			buildConfigurationList = BAC56DE52C2A68AB0028D59F /* Build configuration list for PBXNativeTarget "FindMyFoodUITests" */;
			buildPhases = (
				BAC56DD12C2A68AB0028D59F /* Sources */,
				BAC56DD22C2A68AB0028D59F /* Frameworks */,
				BAC56DD32C2A68AB0028D59F /* Resources */,
			);
			buildRules = (
			);
			dependencies = (
				BAC56DD72C2A68AB0028D59F /* PBXTargetDependency */,
			);
			name = FindMyFoodUITests;
			productName = FindMyFoodUITests;
			productReference = BAC56DD52C2A68AB0028D59F /* FindMyFoodUITests.xctest */;
			productType = "com.apple.product-type.bundle.ui-testing";
		};
/* End PBXNativeTarget section */

/* Begin PBXProject section */
		BAC56DB32C2A68A80028D59F /* Project object */ = {
			isa = PBXProject;
			attributes = {
				BuildIndependentTargetsInParallel = 1;
				LastSwiftUpdateCheck = 1430;
				LastUpgradeCheck = 1430;
				TargetAttributes = {
					BAC56DBA2C2A68A80028D59F = {
						CreatedOnToolsVersion = 14.3.1;
					};
					BAC56DCA2C2A68AB0028D59F = {
						CreatedOnToolsVersion = 14.3.1;
						TestTargetID = BAC56DBA2C2A68A80028D59F;
					};
					BAC56DD42C2A68AB0028D59F = {
						CreatedOnToolsVersion = 14.3.1;
						TestTargetID = BAC56DBA2C2A68A80028D59F;
					};
				};
			};
			buildConfigurationList = BAC56DB62C2A68A80028D59F /* Build configuration list for PBXProject "FindMyFood" */;
			compatibilityVersion = "Xcode 14.0";
			developmentRegion = en;
			hasScannedForEncodings = 0;
			knownRegions = (
				en,
				Base,
			);
			mainGroup = BAC56DB22C2A68A80028D59F;
			packageReferences = (
				BA41B5592C2B346F00E6FDC3 /* XCRemoteSwiftPackageReference "firebase-ios-sdk" */,
			);
			productRefGroup = BAC56DBC2C2A68A80028D59F /* Products */;
			projectDirPath = "";
			projectRoot = "";
			targets = (
				BAC56DBA2C2A68A80028D59F /* FindMyFood */,
				BAC56DCA2C2A68AB0028D59F /* FindMyFoodTests */,
				BAC56DD42C2A68AB0028D59F /* FindMyFoodUITests */,
			);
		};
/* End PBXProject section */

/* Begin PBXResourcesBuildPhase section */
		BAC56DB92C2A68A80028D59F /* Resources */ = {
			isa = PBXResourcesBuildPhase;
			buildActionMask = 2147483647;
			files = (
				BAC56DC62C2A68AB0028D59F /* Preview Assets.xcassets in Resources */,
				BAC56DC32C2A68AB0028D59F /* Assets.xcassets in Resources */,
				BA41B5582C2B338D00E6FDC3 /* GoogleService-Info.plist in Resources */,
			);
			runOnlyForDeploymentPostprocessing = 0;
		};
		BAC56DC92C2A68AB0028D59F /* Resources */ = {
			isa = PBXResourcesBuildPhase;
			buildActionMask = 2147483647;
			files = (
			);
			runOnlyForDeploymentPostprocessing = 0;
		};
		BAC56DD32C2A68AB0028D59F /* Resources */ = {
			isa = PBXResourcesBuildPhase;
			buildActionMask = 2147483647;
			files = (
			);
			runOnlyForDeploymentPostprocessing = 0;
		};
/* End PBXResourcesBuildPhase section */

/* Begin PBXSourcesBuildPhase section */
		BAC56DB72C2A68A80028D59F /* Sources */ = {
			isa = PBXSourcesBuildPhase;
			buildActionMask = 2147483647;
			files = (
				BA41B54C2C2AB36100E6FDC3 /* User.swift in Sources */,
				BAC56DF32C2A7F300028D59F /* ProfileView.swift in Sources */,
				BAC56DF72C2A80B10028D59F /* ProfileManager.swift in Sources */,
				BAC56DEF2C2A7A520028D59F /* CreateAccountView.swift in Sources */,
				BA41B54A2C2AB33000E6FDC3 /* PostImagePicker.swift in Sources */,
				BAC56DF12C2A7B490028D59F /* CreatePostView.swift in Sources */,
				BAC56DF52C2A7F8C0028D59F /* ImagePicker.swift in Sources */,
				BA41B56C2C2B36DC00E6FDC3 /* AuthViewModel.swift in Sources */,
				BAC56DC12C2A68A80028D59F /* LoginView.swift in Sources */,
				BAC56DEB2C2A6E4F0028D59F /* MainView.swift in Sources */,
				BAC56DED2C2A71FB0028D59F /* LocationManager.swift in Sources */,
				BA41B5502C2AB44900E6FDC3 /* FriendRequestsView.swift in Sources */,
				BAC56DF92C2A89130028D59F /* FriendListView.swift in Sources */,
				BAC56DBF2C2A68A80028D59F /* FindMyFoodApp.swift in Sources */,
				BA41B54E2C2AB37E00E6FDC3 /* CustomAnnotationView.swift in Sources */,
				BA41B5562C2B2DF200E6FDC3 /* AddFriendsView.swift in Sources */,
				BAC56DE92C2A6CDE0028D59F /* MapView.swift in Sources */,
			);
			runOnlyForDeploymentPostprocessing = 0;
		};
		BAC56DC72C2A68AB0028D59F /* Sources */ = {
			isa = PBXSourcesBuildPhase;
			buildActionMask = 2147483647;
			files = (
				BAC56DD02C2A68AB0028D59F /* FindMyFoodTests.swift in Sources */,
			);
			runOnlyForDeploymentPostprocessing = 0;
		};
		BAC56DD12C2A68AB0028D59F /* Sources */ = {
			isa = PBXSourcesBuildPhase;
			buildActionMask = 2147483647;
			files = (
				BAC56DDA2C2A68AB0028D59F /* FindMyFoodUITests.swift in Sources */,
				BAC56DDC2C2A68AB0028D59F /* FindMyFoodUITestsLaunchTests.swift in Sources */,
			);
			runOnlyForDeploymentPostprocessing = 0;
		};
/* End PBXSourcesBuildPhase section */

/* Begin PBXTargetDependency section */
		BAC56DCD2C2A68AB0028D59F /* PBXTargetDependency */ = {
			isa = PBXTargetDependency;
			target = BAC56DBA2C2A68A80028D59F /* FindMyFood */;
			targetProxy = BAC56DCC2C2A68AB0028D59F /* PBXContainerItemProxy */;
		};
		BAC56DD72C2A68AB0028D59F /* PBXTargetDependency */ = {
			isa = PBXTargetDependency;
			target = BAC56DBA2C2A68A80028D59F /* FindMyFood */;
			targetProxy = BAC56DD62C2A68AB0028D59F /* PBXContainerItemProxy */;
		};
/* End PBXTargetDependency section */

/* Begin XCBuildConfiguration section */
		BAC56DDD2C2A68AB0028D59F /* Debug */ = {
			isa = XCBuildConfiguration;
			buildSettings = {
				ALWAYS_SEARCH_USER_PATHS = NO;
				CLANG_ANALYZER_NONNULL = YES;
				CLANG_ANALYZER_NUMBER_OBJECT_CONVERSION = YES_AGGRESSIVE;
				CLANG_CXX_LANGUAGE_STANDARD = "gnu++20";
				CLANG_ENABLE_MODULES = YES;
				CLANG_ENABLE_OBJC_ARC = YES;
				CLANG_ENABLE_OBJC_WEAK = YES;
				CLANG_WARN_BLOCK_CAPTURE_AUTORELEASING = YES;
				CLANG_WARN_BOOL_CONVERSION = YES;
				CLANG_WARN_COMMA = YES;
				CLANG_WARN_CONSTANT_CONVERSION = YES;
				CLANG_WARN_DEPRECATED_OBJC_IMPLEMENTATIONS = YES;
				CLANG_WARN_DIRECT_OBJC_ISA_USAGE = YES_ERROR;
				CLANG_WARN_DOCUMENTATION_COMMENTS = YES;
				CLANG_WARN_EMPTY_BODY = YES;
				CLANG_WARN_ENUM_CONVERSION = YES;
				CLANG_WARN_INFINITE_RECURSION = YES;
				CLANG_WARN_INT_CONVERSION = YES;
				CLANG_WARN_NON_LITERAL_NULL_CONVERSION = YES;
				CLANG_WARN_OBJC_IMPLICIT_RETAIN_SELF = YES;
				CLANG_WARN_OBJC_LITERAL_CONVERSION = YES;
				CLANG_WARN_OBJC_ROOT_CLASS = YES_ERROR;
				CLANG_WARN_QUOTED_INCLUDE_IN_FRAMEWORK_HEADER = YES;
				CLANG_WARN_RANGE_LOOP_ANALYSIS = YES;
				CLANG_WARN_STRICT_PROTOTYPES = YES;
				CLANG_WARN_SUSPICIOUS_MOVE = YES;
				CLANG_WARN_UNGUARDED_AVAILABILITY = YES_AGGRESSIVE;
				CLANG_WARN_UNREACHABLE_CODE = YES;
				CLANG_WARN__DUPLICATE_METHOD_MATCH = YES;
				COPY_PHASE_STRIP = NO;
				DEBUG_INFORMATION_FORMAT = dwarf;
				ENABLE_STRICT_OBJC_MSGSEND = YES;
				ENABLE_TESTABILITY = YES;
				GCC_C_LANGUAGE_STANDARD = gnu11;
				GCC_DYNAMIC_NO_PIC = NO;
				GCC_NO_COMMON_BLOCKS = YES;
				GCC_OPTIMIZATION_LEVEL = 0;
				GCC_PREPROCESSOR_DEFINITIONS = (
					"DEBUG=1",
					"$(inherited)",
				);
				GCC_WARN_64_TO_32_BIT_CONVERSION = YES;
				GCC_WARN_ABOUT_RETURN_TYPE = YES_ERROR;
				GCC_WARN_UNDECLARED_SELECTOR = YES;
				GCC_WARN_UNINITIALIZED_AUTOS = YES_AGGRESSIVE;
				GCC_WARN_UNUSED_FUNCTION = YES;
				GCC_WARN_UNUSED_VARIABLE = YES;
				IPHONEOS_DEPLOYMENT_TARGET = 16.4;
				MTL_ENABLE_DEBUG_INFO = INCLUDE_SOURCE;
				MTL_FAST_MATH = YES;
				ONLY_ACTIVE_ARCH = YES;
				SDKROOT = iphoneos;
				SWIFT_ACTIVE_COMPILATION_CONDITIONS = DEBUG;
				SWIFT_OPTIMIZATION_LEVEL = "-Onone";
			};
			name = Debug;
		};
		BAC56DDE2C2A68AB0028D59F /* Release */ = {
			isa = XCBuildConfiguration;
			buildSettings = {
				ALWAYS_SEARCH_USER_PATHS = NO;
				CLANG_ANALYZER_NONNULL = YES;
				CLANG_ANALYZER_NUMBER_OBJECT_CONVERSION = YES_AGGRESSIVE;
				CLANG_CXX_LANGUAGE_STANDARD = "gnu++20";
				CLANG_ENABLE_MODULES = YES;
				CLANG_ENABLE_OBJC_ARC = YES;
				CLANG_ENABLE_OBJC_WEAK = YES;
				CLANG_WARN_BLOCK_CAPTURE_AUTORELEASING = YES;
				CLANG_WARN_BOOL_CONVERSION = YES;
				CLANG_WARN_COMMA = YES;
				CLANG_WARN_CONSTANT_CONVERSION = YES;
				CLANG_WARN_DEPRECATED_OBJC_IMPLEMENTATIONS = YES;
				CLANG_WARN_DIRECT_OBJC_ISA_USAGE = YES_ERROR;
				CLANG_WARN_DOCUMENTATION_COMMENTS = YES;
				CLANG_WARN_EMPTY_BODY = YES;
				CLANG_WARN_ENUM_CONVERSION = YES;
				CLANG_WARN_INFINITE_RECURSION = YES;
				CLANG_WARN_INT_CONVERSION = YES;
				CLANG_WARN_NON_LITERAL_NULL_CONVERSION = YES;
				CLANG_WARN_OBJC_IMPLICIT_RETAIN_SELF = YES;
				CLANG_WARN_OBJC_LITERAL_CONVERSION = YES;
				CLANG_WARN_OBJC_ROOT_CLASS = YES_ERROR;
				CLANG_WARN_QUOTED_INCLUDE_IN_FRAMEWORK_HEADER = YES;
				CLANG_WARN_RANGE_LOOP_ANALYSIS = YES;
				CLANG_WARN_STRICT_PROTOTYPES = YES;
				CLANG_WARN_SUSPICIOUS_MOVE = YES;
				CLANG_WARN_UNGUARDED_AVAILABILITY = YES_AGGRESSIVE;
				CLANG_WARN_UNREACHABLE_CODE = YES;
				CLANG_WARN__DUPLICATE_METHOD_MATCH = YES;
				COPY_PHASE_STRIP = NO;
				DEBUG_INFORMATION_FORMAT = "dwarf-with-dsym";
				ENABLE_NS_ASSERTIONS = NO;
				ENABLE_STRICT_OBJC_MSGSEND = YES;
				GCC_C_LANGUAGE_STANDARD = gnu11;
				GCC_NO_COMMON_BLOCKS = YES;
				GCC_WARN_64_TO_32_BIT_CONVERSION = YES;
				GCC_WARN_ABOUT_RETURN_TYPE = YES_ERROR;
				GCC_WARN_UNDECLARED_SELECTOR = YES;
				GCC_WARN_UNINITIALIZED_AUTOS = YES_AGGRESSIVE;
				GCC_WARN_UNUSED_FUNCTION = YES;
				GCC_WARN_UNUSED_VARIABLE = YES;
				IPHONEOS_DEPLOYMENT_TARGET = 16.4;
				MTL_ENABLE_DEBUG_INFO = NO;
				MTL_FAST_MATH = YES;
				SDKROOT = iphoneos;
				SWIFT_COMPILATION_MODE = wholemodule;
				SWIFT_OPTIMIZATION_LEVEL = "-O";
				VALIDATE_PRODUCT = YES;
			};
			name = Release;
		};
		BAC56DE02C2A68AB0028D59F /* Debug */ = {
			isa = XCBuildConfiguration;
			buildSettings = {
				ASSETCATALOG_COMPILER_APPICON_NAME = AppIcon;
				ASSETCATALOG_COMPILER_GLOBAL_ACCENT_COLOR_NAME = AccentColor;
				CODE_SIGN_STYLE = Automatic;
				CURRENT_PROJECT_VERSION = 1;
				DEVELOPMENT_ASSET_PATHS = "\"FindMyFood/Preview Content\"";
				ENABLE_PREVIEWS = YES;
				GENERATE_INFOPLIST_FILE = YES;
				INFOPLIST_KEY_NSLocationAlwaysUsageDescription = "We need your location to show you nearby food spots even when the app is in the background.";
				INFOPLIST_KEY_NSLocationWhenInUseUsageDescription = "We need your location to show you nearby food spots.";
				INFOPLIST_KEY_UIApplicationSceneManifest_Generation = YES;
				INFOPLIST_KEY_UIApplicationSupportsIndirectInputEvents = YES;
				INFOPLIST_KEY_UILaunchScreen_Generation = YES;
				INFOPLIST_KEY_UISupportedInterfaceOrientations_iPad = "UIInterfaceOrientationPortrait UIInterfaceOrientationPortraitUpsideDown UIInterfaceOrientationLandscapeLeft UIInterfaceOrientationLandscapeRight";
				INFOPLIST_KEY_UISupportedInterfaceOrientations_iPhone = "UIInterfaceOrientationPortrait UIInterfaceOrientationLandscapeLeft UIInterfaceOrientationLandscapeRight";
				LD_RUNPATH_SEARCH_PATHS = (
					"$(inherited)",
					"@executable_path/Frameworks",
				);
				MARKETING_VERSION = 1.0;
				PRODUCT_BUNDLE_IDENTIFIER = UCLA.FindMyFood;
				PRODUCT_NAME = "$(TARGET_NAME)";
				SWIFT_EMIT_LOC_STRINGS = YES;
				SWIFT_VERSION = 5.0;
				TARGETED_DEVICE_FAMILY = "1,2";
			};
			name = Debug;
		};
		BAC56DE12C2A68AB0028D59F /* Release */ = {
			isa = XCBuildConfiguration;
			buildSettings = {
				ASSETCATALOG_COMPILER_APPICON_NAME = AppIcon;
				ASSETCATALOG_COMPILER_GLOBAL_ACCENT_COLOR_NAME = AccentColor;
				CODE_SIGN_STYLE = Automatic;
				CURRENT_PROJECT_VERSION = 1;
				DEVELOPMENT_ASSET_PATHS = "\"FindMyFood/Preview Content\"";
				ENABLE_PREVIEWS = YES;
				GENERATE_INFOPLIST_FILE = YES;
				INFOPLIST_KEY_NSLocationAlwaysUsageDescription = "We need your location to show you nearby food spots even when the app is in the background.";
				INFOPLIST_KEY_NSLocationWhenInUseUsageDescription = "We need your location to show you nearby food spots.";
				INFOPLIST_KEY_UIApplicationSceneManifest_Generation = YES;
				INFOPLIST_KEY_UIApplicationSupportsIndirectInputEvents = YES;
				INFOPLIST_KEY_UILaunchScreen_Generation = YES;
				INFOPLIST_KEY_UISupportedInterfaceOrientations_iPad = "UIInterfaceOrientationPortrait UIInterfaceOrientationPortraitUpsideDown UIInterfaceOrientationLandscapeLeft UIInterfaceOrientationLandscapeRight";
				INFOPLIST_KEY_UISupportedInterfaceOrientations_iPhone = "UIInterfaceOrientationPortrait UIInterfaceOrientationLandscapeLeft UIInterfaceOrientationLandscapeRight";
				LD_RUNPATH_SEARCH_PATHS = (
					"$(inherited)",
					"@executable_path/Frameworks",
				);
				MARKETING_VERSION = 1.0;
				PRODUCT_BUNDLE_IDENTIFIER = UCLA.FindMyFood;
				PRODUCT_NAME = "$(TARGET_NAME)";
				SWIFT_EMIT_LOC_STRINGS = YES;
				SWIFT_VERSION = 5.0;
				TARGETED_DEVICE_FAMILY = "1,2";
			};
			name = Release;
		};
		BAC56DE32C2A68AB0028D59F /* Debug */ = {
			isa = XCBuildConfiguration;
			buildSettings = {
				ALWAYS_EMBED_SWIFT_STANDARD_LIBRARIES = YES;
				BUNDLE_LOADER = "$(TEST_HOST)";
				CODE_SIGN_STYLE = Automatic;
				CURRENT_PROJECT_VERSION = 1;
				GENERATE_INFOPLIST_FILE = YES;
				IPHONEOS_DEPLOYMENT_TARGET = 16.4;
				MARKETING_VERSION = 1.0;
				PRODUCT_BUNDLE_IDENTIFIER = UCLA.FindMyFoodTests;
				PRODUCT_NAME = "$(TARGET_NAME)";
				SWIFT_EMIT_LOC_STRINGS = NO;
				SWIFT_VERSION = 5.0;
				TARGETED_DEVICE_FAMILY = "1,2";
				TEST_HOST = "$(BUILT_PRODUCTS_DIR)/FindMyFood.app/$(BUNDLE_EXECUTABLE_FOLDER_PATH)/FindMyFood";
			};
			name = Debug;
		};
		BAC56DE42C2A68AB0028D59F /* Release */ = {
			isa = XCBuildConfiguration;
			buildSettings = {
				ALWAYS_EMBED_SWIFT_STANDARD_LIBRARIES = YES;
				BUNDLE_LOADER = "$(TEST_HOST)";
				CODE_SIGN_STYLE = Automatic;
				CURRENT_PROJECT_VERSION = 1;
				GENERATE_INFOPLIST_FILE = YES;
				IPHONEOS_DEPLOYMENT_TARGET = 16.4;
				MARKETING_VERSION = 1.0;
				PRODUCT_BUNDLE_IDENTIFIER = UCLA.FindMyFoodTests;
				PRODUCT_NAME = "$(TARGET_NAME)";
				SWIFT_EMIT_LOC_STRINGS = NO;
				SWIFT_VERSION = 5.0;
				TARGETED_DEVICE_FAMILY = "1,2";
				TEST_HOST = "$(BUILT_PRODUCTS_DIR)/FindMyFood.app/$(BUNDLE_EXECUTABLE_FOLDER_PATH)/FindMyFood";
			};
			name = Release;
		};
		BAC56DE62C2A68AB0028D59F /* Debug */ = {
			isa = XCBuildConfiguration;
			buildSettings = {
				ALWAYS_EMBED_SWIFT_STANDARD_LIBRARIES = YES;
				CODE_SIGN_STYLE = Automatic;
				CURRENT_PROJECT_VERSION = 1;
				GENERATE_INFOPLIST_FILE = YES;
				MARKETING_VERSION = 1.0;
				PRODUCT_BUNDLE_IDENTIFIER = UCLA.FindMyFoodUITests;
				PRODUCT_NAME = "$(TARGET_NAME)";
				SWIFT_EMIT_LOC_STRINGS = NO;
				SWIFT_VERSION = 5.0;
				TARGETED_DEVICE_FAMILY = "1,2";
				TEST_TARGET_NAME = FindMyFood;
			};
			name = Debug;
		};
		BAC56DE72C2A68AB0028D59F /* Release */ = {
			isa = XCBuildConfiguration;
			buildSettings = {
				ALWAYS_EMBED_SWIFT_STANDARD_LIBRARIES = YES;
				CODE_SIGN_STYLE = Automatic;
				CURRENT_PROJECT_VERSION = 1;
				GENERATE_INFOPLIST_FILE = YES;
				MARKETING_VERSION = 1.0;
				PRODUCT_BUNDLE_IDENTIFIER = UCLA.FindMyFoodUITests;
				PRODUCT_NAME = "$(TARGET_NAME)";
				SWIFT_EMIT_LOC_STRINGS = NO;
				SWIFT_VERSION = 5.0;
				TARGETED_DEVICE_FAMILY = "1,2";
				TEST_TARGET_NAME = FindMyFood;
			};
			name = Release;
		};
/* End XCBuildConfiguration section */

/* Begin XCConfigurationList section */
		BAC56DB62C2A68A80028D59F /* Build configuration list for PBXProject "FindMyFood" */ = {
			isa = XCConfigurationList;
			buildConfigurations = (
				BAC56DDD2C2A68AB0028D59F /* Debug */,
				BAC56DDE2C2A68AB0028D59F /* Release */,
			);
			defaultConfigurationIsVisible = 0;
			defaultConfigurationName = Release;
		};
		BAC56DDF2C2A68AB0028D59F /* Build configuration list for PBXNativeTarget "FindMyFood" */ = {
			isa = XCConfigurationList;
			buildConfigurations = (
				BAC56DE02C2A68AB0028D59F /* Debug */,
				BAC56DE12C2A68AB0028D59F /* Release */,
			);
			defaultConfigurationIsVisible = 0;
			defaultConfigurationName = Release;
		};
		BAC56DE22C2A68AB0028D59F /* Build configuration list for PBXNativeTarget "FindMyFoodTests" */ = {
			isa = XCConfigurationList;
			buildConfigurations = (
				BAC56DE32C2A68AB0028D59F /* Debug */,
				BAC56DE42C2A68AB0028D59F /* Release */,
			);
			defaultConfigurationIsVisible = 0;
			defaultConfigurationName = Release;
		};
		BAC56DE52C2A68AB0028D59F /* Build configuration list for PBXNativeTarget "FindMyFoodUITests" */ = {
			isa = XCConfigurationList;
			buildConfigurations = (
				BAC56DE62C2A68AB0028D59F /* Debug */,
				BAC56DE72C2A68AB0028D59F /* Release */,
			);
			defaultConfigurationIsVisible = 0;
			defaultConfigurationName = Release;
		};
/* End XCConfigurationList section */

/* Begin XCRemoteSwiftPackageReference section */
		BA41B5592C2B346F00E6FDC3 /* XCRemoteSwiftPackageReference "firebase-ios-sdk" */ = {
			isa = XCRemoteSwiftPackageReference;
			repositoryURL = "https://github.com/firebase/firebase-ios-sdk";
			requirement = {
				kind = upToNextMajorVersion;
				minimumVersion = 10.0.0;
			};
		};
/* End XCRemoteSwiftPackageReference section */

/* Begin XCSwiftPackageProductDependency section */
		BA41B55A2C2B346F00E6FDC3 /* FirebaseAuth */ = {
			isa = XCSwiftPackageProductDependency;
			package = BA41B5592C2B346F00E6FDC3 /* XCRemoteSwiftPackageReference "firebase-ios-sdk" */;
			productName = FirebaseAuth;
		};
		BA41B55C2C2B346F00E6FDC3 /* FirebaseAuthCombine-Community */ = {
			isa = XCSwiftPackageProductDependency;
			package = BA41B5592C2B346F00E6FDC3 /* XCRemoteSwiftPackageReference "firebase-ios-sdk" */;
			productName = "FirebaseAuthCombine-Community";
		};
		BA41B55E2C2B346F00E6FDC3 /* FirebaseDatabase */ = {
			isa = XCSwiftPackageProductDependency;
			package = BA41B5592C2B346F00E6FDC3 /* XCRemoteSwiftPackageReference "firebase-ios-sdk" */;
			productName = FirebaseDatabase;
		};
		BA41B5602C2B346F00E6FDC3 /* FirebaseDatabaseSwift */ = {
			isa = XCSwiftPackageProductDependency;
			package = BA41B5592C2B346F00E6FDC3 /* XCRemoteSwiftPackageReference "firebase-ios-sdk" */;
			productName = FirebaseDatabaseSwift;
		};
		BA41B5622C2B346F00E6FDC3 /* FirebaseDynamicLinks */ = {
			isa = XCSwiftPackageProductDependency;
			package = BA41B5592C2B346F00E6FDC3 /* XCRemoteSwiftPackageReference "firebase-ios-sdk" */;
			productName = FirebaseDynamicLinks;
		};
		BA41B5652C2B357C00E6FDC3 /* FirebaseFirestoreSwift */ = {
			isa = XCSwiftPackageProductDependency;
			package = BA41B5592C2B346F00E6FDC3 /* XCRemoteSwiftPackageReference "firebase-ios-sdk" */;
			productName = FirebaseFirestoreSwift;
		};
		BA41B5672C2B358200E6FDC3 /* FirebaseFirestore */ = {
			isa = XCSwiftPackageProductDependency;
			package = BA41B5592C2B346F00E6FDC3 /* XCRemoteSwiftPackageReference "firebase-ios-sdk" */;
			productName = FirebaseFirestore;
		};
		BA41B5692C2B368400E6FDC3 /* FirebaseStorage */ = {
			isa = XCSwiftPackageProductDependency;
			package = BA41B5592C2B346F00E6FDC3 /* XCRemoteSwiftPackageReference "firebase-ios-sdk" */;
			productName = FirebaseStorage;
		};
		BA41B56D2C2B39EE00E6FDC3 /* FirebaseFirestoreCombine-Community */ = {
			isa = XCSwiftPackageProductDependency;
			package = BA41B5592C2B346F00E6FDC3 /* XCRemoteSwiftPackageReference "firebase-ios-sdk" */;
			productName = "FirebaseFirestoreCombine-Community";
		};
/* End XCSwiftPackageProductDependency section */
	};
	rootObject = BAC56DB32C2A68A80028D59F /* Project object */;
}
